
Microsoft Visual Studio Solution File, Format Version 12.00
# Visual Studio 15
VisualStudioVersion = 15.0.27703.2042
MinimumVisualStudioVersion = 10.0.40219.1
Project("{F184B08F-C81C-45F6-A57F-5ABD9991F28F}") = "WinForms", "WinForms\WinForms.vbproj", "{423CA24F-AA83-4FDE-A322-C526122D57CB}"
EndProject
Project("{FAE04EC0-301F-11D3-BF4B-00C04F79EFBC}") = "WinFormsCSharp", "WinFormsCSharp\WinFormsCSharp.csproj", "{1389E07D-C223-488E-B4E6-F1FCB77D0F41}"
EndProject
Global
	GlobalSection(SolutionConfigurationPlatforms) = preSolution
		Debug|Any CPU = Debug|Any CPU
		Release|Any CPU = Release|Any CPU
	EndGlobalSection
	GlobalSection(ProjectConfigurationPlatforms) = postSolution
		{423CA24F-AA83-4FDE-A322-C526122D57CB}.Debug|Any CPU.ActiveCfg = Debug|Any CPU
		{423CA24F-AA83-4FDE-A322-C526122D57CB}.Debug|Any CPU.Build.0 = Debug|Any CPU
		{423CA24F-AA83-4FDE-A322-C526122D57CB}.Release|Any CPU.ActiveCfg = Release|Any CPU
		{423CA24F-AA83-4FDE-A322-C526122D57CB}.Release|Any CPU.Build.0 = Release|Any CPU
		{1389E07D-C223-488E-B4E6-F1FCB77D0F41}.Debug|Any CPU.ActiveCfg = Debug|Any CPU
		{1389E07D-C223-488E-B4E6-F1FCB77D0F41}.Debug|Any CPU.Build.0 = Debug|Any CPU
		{1389E07D-C223-488E-B4E6-F1FCB77D0F41}.Release|Any CPU.ActiveCfg = Release|Any CPU
		{1389E07D-C223-488E-B4E6-F1FCB77D0F41}.Release|Any CPU.Build.0 = Release|Any CPU
	EndGlobalSection
	GlobalSection(SolutionProperties) = preSolution
		HideSolutionNode = FALSE
	EndGlobalSection
	GlobalSection(ExtensibilityGlobals) = postSolution
		SolutionGuid = {47CDA9E7-0ABD-41B1-B5AE-6C22F1011AF2}
	EndGlobalSection
EndGlobal
